
Microsoft Visual Studio Solution File, Format Version 12.00
# Visual Studio Version 17
VisualStudioVersion = 17.13.35931.197 d17.13
MinimumVisualStudioVersion = 10.0.40219.1
Project("{FAE04EC0-301F-11D3-BF4B-00C04F79EFBC}") = "DiGi.VoTT", "DiGi.VoTT\DiGi.VoTT.csproj", "{B01E599C-92C4-4408-A61F-B654E9B8261A}"
EndProject
Global
	GlobalSection(SolutionConfigurationPlatforms) = preSolution
		Debug|Any CPU = Debug|Any CPU
		Release|Any CPU = Release|Any CPU
	EndGlobalSection
	GlobalSection(ProjectConfigurationPlatforms) = postSolution
		{B01E599C-92C4-4408-A61F-B654E9B8261A}.Debug|Any CPU.ActiveCfg = Debug|Any CPU
		{B01E599C-92C4-4408-A61F-B654E9B8261A}.Debug|Any CPU.Build.0 = Debug|Any CPU
		{B01E599C-92C4-4408-A61F-B654E9B8261A}.Release|Any CPU.ActiveCfg = Release|Any CPU
		{B01E599C-92C4-4408-A61F-B654E9B8261A}.Release|Any CPU.Build.0 = Release|Any CPU
	EndGlobalSection
	GlobalSection(SolutionProperties) = preSolution
		HideSolutionNode = FALSE
	EndGlobalSection
	GlobalSection(ExtensibilityGlobals) = postSolution
		SolutionGuid = {BA0BBAB3-2D1C-4196-A938-DCCFD1E36948}
	EndGlobalSection
EndGlobal
